
Microsoft Visual Studio Solution File, Format Version 12.00
# Visual Studio Version 17
VisualStudioVersion = 17.0.32126.317
MinimumVisualStudioVersion = 10.0.40219.1
Project("{FAE04EC0-301F-11D3-BF4B-00C04F79EFBC}") = "Apple_SMS_Export", "Apple_SMS_Export\Apple_SMS_Export.csproj", "{2B68EE37-3888-4F7D-83FE-091D769D1D53}"
EndProject
Global
	GlobalSection(SolutionConfigurationPlatforms) = preSolution
		Debug|Any CPU = Debug|Any CPU
		Release|Any CPU = Release|Any CPU
	EndGlobalSection
	GlobalSection(ProjectConfigurationPlatforms) = postSolution
		{2B68EE37-3888-4F7D-83FE-091D769D1D53}.Debug|Any CPU.ActiveCfg = Debug|Any CPU
		{2B68EE37-3888-4F7D-83FE-091D769D1D53}.Debug|Any CPU.Build.0 = Debug|Any CPU
		{2B68EE37-3888-4F7D-83FE-091D769D1D53}.Release|Any CPU.ActiveCfg = Release|Any CPU
		{2B68EE37-3888-4F7D-83FE-091D769D1D53}.Release|Any CPU.Build.0 = Release|Any CPU
	EndGlobalSection
	GlobalSection(SolutionProperties) = preSolution
		HideSolutionNode = FALSE
	EndGlobalSection
	GlobalSection(ExtensibilityGlobals) = postSolution
		SolutionGuid = {3A799B79-E31A-4A96-9CD4-40EDB64982B5}
	EndGlobalSection
EndGlobal
